
Microsoft Visual Studio Solution File, Format Version 12.00
# Visual Studio Version 18
VisualStudioVersion = 18.3.11520.95 d18.3
MinimumVisualStudioVersion = 10.0.40219.1
Project("{FAE04EC0-301F-11D3-BF4B-00C04F79EFBC}") = "CommonLib", "CommonLib\CommonLib.csproj", "{5D357107-3D2B-43F8-8223-6DFAC9E2126B}"
EndProject
Project("{FAE04EC0-301F-11D3-BF4B-00C04F79EFBC}") = "CommonLibExample", "CommonLibExample\CommonLibExample.csproj", "{901FEA80-94CB-4861-B1C7-3EDE7770D30F}"
EndProject
Project("{FAE04EC0-301F-11D3-BF4B-00C04F79EFBC}") = "ProtobufNetLibrary", "ProtobufNetWrapper\ProtobufNetLibrary.csproj", "{DBE8379C-5A91-49AF-B391-2F4DC8072F16}"
EndProject
Project("{FAE04EC0-301F-11D3-BF4B-00C04F79EFBC}") = "CommonLib.DataUtil.OracleProviderLib", "CommonLib.DataUtil.OracleProviderLib\CommonLib.DataUtil.OracleProviderLib.csproj", "{F5C04513-A6E1-4835-9533-D5FDCDB90FF8}"
EndProject
Project("{FAE04EC0-301F-11D3-BF4B-00C04F79EFBC}") = "CommonLib.DataUtil.MySqlProviderLib", "CommonLib.DataUtil.MySqlProviderLib\CommonLib.DataUtil.MySqlProviderLib.csproj", "{DCE2E893-EF4A-4EE7-8F0E-A44A0B3762DF}"
EndProject
Project("{FAE04EC0-301F-11D3-BF4B-00C04F79EFBC}") = "CommonLib.Extensions.PinyinConverter", "CommonLib.Extensions.PinyinConverter\CommonLib.Extensions.PinyinConverter.csproj", "{E671099A-C2A1-4093-84AE-E82887743BEF}"
EndProject
Project("{FAE04EC0-301F-11D3-BF4B-00C04F79EFBC}") = "CommonLib.Function.Fitting", "CommonLib.Function.Fitting\CommonLib.Function.Fitting.csproj", "{7303BA12-D4C4-4944-9F25-5E0B41977ED4}"
EndProject
Project("{9A19103F-16F7-4668-BE54-9A1E7A4F7556}") = "CommonLib.Function.OpenCVWrapper", "CommonLib.Function.OpenCVWrapper\CommonLib.Function.OpenCVWrapper.csproj", "{8440FB73-4214-4A70-BB72-B44107FF1324}"
EndProject
Project("{FAE04EC0-301F-11D3-BF4B-00C04F79EFBC}") = "CommonLib.AppCrash", "CommonLib.AppCrash\CommonLib.AppCrash.csproj", "{CA81337F-0797-47A0-99C4-AE2573763BFE}"
EndProject
Project("{FAE04EC0-301F-11D3-BF4B-00C04F79EFBC}") = "CommonLib.DataUtil.SqliteProviderLibAnyCpu", "CommonLib.DataUtil.SqliteProviderLib\CommonLib.DataUtil.SqliteProviderLibAnyCpu.csproj", "{C556C349-0F36-4B82-8D00-B094772A13C6}"
EndProject
Project("{FAE04EC0-301F-11D3-BF4B-00C04F79EFBC}") = "OpcLibraryAnyCpu", "OpcLibraryAnyCpu\OpcLibraryAnyCpu.csproj", "{E1FB12E8-2203-4388-86BF-AEE2C4D52D28}"
EndProject
Project("{9A19103F-16F7-4668-BE54-9A1E7A4F7556}") = "CommonLib.DataUtil.OracleProviderLibNet60", "CommonLib.DataUtil.OracleProviderLibNet60\CommonLib.DataUtil.OracleProviderLibNet60.csproj", "{EBB67A8E-4562-4DF9-83FD-3A6AEAE95994}"
EndProject
Project("{FAE04EC0-301F-11D3-BF4B-00C04F79EFBC}") = "OpcLibraryAnyCpu.OpcConfigShell", "OpcLibraryAnyCpu.OpcConfigShell\OpcLibraryAnyCpu.OpcConfigShell.csproj", "{0E6D3DB8-BD57-4E66-AC67-38FE984C5DE9}"
EndProject
Project("{FAE04EC0-301F-11D3-BF4B-00C04F79EFBC}") = "OpcLibraryAnyCpu.Ua", "OpcLibraryAnyCpu.Ua\OpcLibraryAnyCpu.Ua.csproj", "{141AA180-F097-4A52-A432-F5EE566FCAA2}"
EndProject
Project("{FAE04EC0-301F-11D3-BF4B-00C04F79EFBC}") = "OpcLibraryAnyCpu.Ua.OpcConfigShell", "OpcLibraryAnyCpu.Ua.OpcConfigShell\OpcLibraryAnyCpu.Ua.OpcConfigShell.csproj", "{7A064547-475B-4B17-BB27-43DD31FE01CD}"
EndProject
Project("{FAE04EC0-301F-11D3-BF4B-00C04F79EFBC}") = "CommonLib.Core", "CommonLib.Core\CommonLib.Core.csproj", "{5CD0F39B-0DF7-4C2D-8F4B-C4C5D7317493}"
EndProject
Project("{FAE04EC0-301F-11D3-BF4B-00C04F79EFBC}") = "OpcLibraryAnyCpu.Ua.Core", "OpcLibraryAnyCpu.UaNet100\OpcLibraryAnyCpu.Ua.Core.csproj", "{8C5EE246-4EB4-45EC-8CE7-0BB094D49BD5}"
EndProject
Global
	GlobalSection(SolutionConfigurationPlatforms) = preSolution
		Debug|Any CPU = Debug|Any CPU
		Debug|x64 = Debug|x64
		Release|Any CPU = Release|Any CPU
		Release|x64 = Release|x64
	EndGlobalSection
	GlobalSection(ProjectConfigurationPlatforms) = postSolution
		{5D357107-3D2B-43F8-8223-6DFAC9E2126B}.Debug|Any CPU.ActiveCfg = Debug|Any CPU
		{5D357107-3D2B-43F8-8223-6DFAC9E2126B}.Debug|Any CPU.Build.0 = Debug|Any CPU
		{5D357107-3D2B-43F8-8223-6DFAC9E2126B}.Debug|x64.ActiveCfg = Debug|x64
		{5D357107-3D2B-43F8-8223-6DFAC9E2126B}.Debug|x64.Build.0 = Debug|x64
		{5D357107-3D2B-43F8-8223-6DFAC9E2126B}.Release|Any CPU.ActiveCfg = Release|Any CPU
		{5D357107-3D2B-43F8-8223-6DFAC9E2126B}.Release|Any CPU.Build.0 = Release|Any CPU
		{5D357107-3D2B-43F8-8223-6DFAC9E2126B}.Release|x64.ActiveCfg = Release|x64
		{5D357107-3D2B-43F8-8223-6DFAC9E2126B}.Release|x64.Build.0 = Release|x64
		{901FEA80-94CB-4861-B1C7-3EDE7770D30F}.Debug|Any CPU.ActiveCfg = Debug|Any CPU
		{901FEA80-94CB-4861-B1C7-3EDE7770D30F}.Debug|Any CPU.Build.0 = Debug|Any CPU
		{901FEA80-94CB-4861-B1C7-3EDE7770D30F}.Debug|x64.ActiveCfg = Debug|x64
		{901FEA80-94CB-4861-B1C7-3EDE7770D30F}.Debug|x64.Build.0 = Debug|x64
		{901FEA80-94CB-4861-B1C7-3EDE7770D30F}.Release|Any CPU.ActiveCfg = Release|Any CPU
		{901FEA80-94CB-4861-B1C7-3EDE7770D30F}.Release|Any CPU.Build.0 = Release|Any CPU
		{901FEA80-94CB-4861-B1C7-3EDE7770D30F}.Release|x64.ActiveCfg = Release|x64
		{901FEA80-94CB-4861-B1C7-3EDE7770D30F}.Release|x64.Build.0 = Release|x64
		{DBE8379C-5A91-49AF-B391-2F4DC8072F16}.Debug|Any CPU.ActiveCfg = Debug|Any CPU
		{DBE8379C-5A91-49AF-B391-2F4DC8072F16}.Debug|Any CPU.Build.0 = Debug|Any CPU
		{DBE8379C-5A91-49AF-B391-2F4DC8072F16}.Debug|x64.ActiveCfg = Debug|x64
		{DBE8379C-5A91-49AF-B391-2F4DC8072F16}.Debug|x64.Build.0 = Debug|x64
		{DBE8379C-5A91-49AF-B391-2F4DC8072F16}.Release|Any CPU.ActiveCfg = Release|Any CPU
		{DBE8379C-5A91-49AF-B391-2F4DC8072F16}.Release|Any CPU.Build.0 = Release|Any CPU
		{DBE8379C-5A91-49AF-B391-2F4DC8072F16}.Release|x64.ActiveCfg = Release|x64
		{DBE8379C-5A91-49AF-B391-2F4DC8072F16}.Release|x64.Build.0 = Release|x64
		{F5C04513-A6E1-4835-9533-D5FDCDB90FF8}.Debug|Any CPU.ActiveCfg = Debug|Any CPU
		{F5C04513-A6E1-4835-9533-D5FDCDB90FF8}.Debug|Any CPU.Build.0 = Debug|Any CPU
		{F5C04513-A6E1-4835-9533-D5FDCDB90FF8}.Debug|x64.ActiveCfg = Debug|x64
		{F5C04513-A6E1-4835-9533-D5FDCDB90FF8}.Debug|x64.Build.0 = Debug|x64
		{F5C04513-A6E1-4835-9533-D5FDCDB90FF8}.Release|Any CPU.ActiveCfg = Release|Any CPU
		{F5C04513-A6E1-4835-9533-D5FDCDB90FF8}.Release|Any CPU.Build.0 = Release|Any CPU
		{F5C04513-A6E1-4835-9533-D5FDCDB90FF8}.Release|x64.ActiveCfg = Release|x64
		{F5C04513-A6E1-4835-9533-D5FDCDB90FF8}.Release|x64.Build.0 = Release|x64
		{DCE2E893-EF4A-4EE7-8F0E-A44A0B3762DF}.Debug|Any CPU.ActiveCfg = Debug|Any CPU
		{DCE2E893-EF4A-4EE7-8F0E-A44A0B3762DF}.Debug|Any CPU.Build.0 = Debug|Any CPU
		{DCE2E893-EF4A-4EE7-8F0E-A44A0B3762DF}.Debug|x64.ActiveCfg = Debug|x64
		{DCE2E893-EF4A-4EE7-8F0E-A44A0B3762DF}.Debug|x64.Build.0 = Debug|x64
		{DCE2E893-EF4A-4EE7-8F0E-A44A0B3762DF}.Release|Any CPU.ActiveCfg = Release|Any CPU
		{DCE2E893-EF4A-4EE7-8F0E-A44A0B3762DF}.Release|Any CPU.Build.0 = Release|Any CPU
		{DCE2E893-EF4A-4EE7-8F0E-A44A0B3762DF}.Release|x64.ActiveCfg = Release|x64
		{DCE2E893-EF4A-4EE7-8F0E-A44A0B3762DF}.Release|x64.Build.0 = Release|x64
		{E671099A-C2A1-4093-84AE-E82887743BEF}.Debug|Any CPU.ActiveCfg = Debug|Any CPU
		{E671099A-C2A1-4093-84AE-E82887743BEF}.Debug|Any CPU.Build.0 = Debug|Any CPU
		{E671099A-C2A1-4093-84AE-E82887743BEF}.Debug|x64.ActiveCfg = Debug|x64
		{E671099A-C2A1-4093-84AE-E82887743BEF}.Debug|x64.Build.0 = Debug|x64
		{E671099A-C2A1-4093-84AE-E82887743BEF}.Release|Any CPU.ActiveCfg = Release|Any CPU
		{E671099A-C2A1-4093-84AE-E82887743BEF}.Release|Any CPU.Build.0 = Release|Any CPU
		{E671099A-C2A1-4093-84AE-E82887743BEF}.Release|x64.ActiveCfg = Release|x64
		{E671099A-C2A1-4093-84AE-E82887743BEF}.Release|x64.Build.0 = Release|x64
		{7303BA12-D4C4-4944-9F25-5E0B41977ED4}.Debug|Any CPU.ActiveCfg = Debug|Any CPU
		{7303BA12-D4C4-4944-9F25-5E0B41977ED4}.Debug|Any CPU.Build.0 = Debug|Any CPU
		{7303BA12-D4C4-4944-9F25-5E0B41977ED4}.Debug|x64.ActiveCfg = Debug|Any CPU
		{7303BA12-D4C4-4944-9F25-5E0B41977ED4}.Debug|x64.Build.0 = Debug|Any CPU
		{7303BA12-D4C4-4944-9F25-5E0B41977ED4}.Release|Any CPU.ActiveCfg = Release|Any CPU
		{7303BA12-D4C4-4944-9F25-5E0B41977ED4}.Release|Any CPU.Build.0 = Release|Any CPU
		{7303BA12-D4C4-4944-9F25-5E0B41977ED4}.Release|x64.ActiveCfg = Release|Any CPU
		{7303BA12-D4C4-4944-9F25-5E0B41977ED4}.Release|x64.Build.0 = Release|Any CPU
		{8440FB73-4214-4A70-BB72-B44107FF1324}.Debug|Any CPU.ActiveCfg = Debug|Any CPU
		{8440FB73-4214-4A70-BB72-B44107FF1324}.Debug|Any CPU.Build.0 = Debug|Any CPU
		{8440FB73-4214-4A70-BB72-B44107FF1324}.Debug|x64.ActiveCfg = Debug|Any CPU
		{8440FB73-4214-4A70-BB72-B44107FF1324}.Debug|x64.Build.0 = Debug|Any CPU
		{8440FB73-4214-4A70-BB72-B44107FF1324}.Release|Any CPU.ActiveCfg = Release|Any CPU
		{8440FB73-4214-4A70-BB72-B44107FF1324}.Release|Any CPU.Build.0 = Release|Any CPU
		{8440FB73-4214-4A70-BB72-B44107FF1324}.Release|x64.ActiveCfg = Release|Any CPU
		{8440FB73-4214-4A70-BB72-B44107FF1324}.Release|x64.Build.0 = Release|Any CPU
		{CA81337F-0797-47A0-99C4-AE2573763BFE}.Debug|Any CPU.ActiveCfg = Debug|Any CPU
		{CA81337F-0797-47A0-99C4-AE2573763BFE}.Debug|Any CPU.Build.0 = Debug|Any CPU
		{CA81337F-0797-47A0-99C4-AE2573763BFE}.Debug|x64.ActiveCfg = Debug|Any CPU
		{CA81337F-0797-47A0-99C4-AE2573763BFE}.Debug|x64.Build.0 = Debug|Any CPU
		{CA81337F-0797-47A0-99C4-AE2573763BFE}.Release|Any CPU.ActiveCfg = Release|Any CPU
		{CA81337F-0797-47A0-99C4-AE2573763BFE}.Release|Any CPU.Build.0 = Release|Any CPU
		{CA81337F-0797-47A0-99C4-AE2573763BFE}.Release|x64.ActiveCfg = Release|Any CPU
		{CA81337F-0797-47A0-99C4-AE2573763BFE}.Release|x64.Build.0 = Release|Any CPU
		{C556C349-0F36-4B82-8D00-B094772A13C6}.Debug|Any CPU.ActiveCfg = Debug|Any CPU
		{C556C349-0F36-4B82-8D00-B094772A13C6}.Debug|Any CPU.Build.0 = Debug|Any CPU
		{C556C349-0F36-4B82-8D00-B094772A13C6}.Debug|x64.ActiveCfg = Debug|x64
		{C556C349-0F36-4B82-8D00-B094772A13C6}.Debug|x64.Build.0 = Debug|x64
		{C556C349-0F36-4B82-8D00-B094772A13C6}.Release|Any CPU.ActiveCfg = Release|Any CPU
		{C556C349-0F36-4B82-8D00-B094772A13C6}.Release|Any CPU.Build.0 = Release|Any CPU
		{C556C349-0F36-4B82-8D00-B094772A13C6}.Release|x64.ActiveCfg = Release|x64
		{C556C349-0F36-4B82-8D00-B094772A13C6}.Release|x64.Build.0 = Release|x64
		{E1FB12E8-2203-4388-86BF-AEE2C4D52D28}.Debug|Any CPU.ActiveCfg = Debug|Any CPU
		{E1FB12E8-2203-4388-86BF-AEE2C4D52D28}.Debug|Any CPU.Build.0 = Debug|Any CPU
		{E1FB12E8-2203-4388-86BF-AEE2C4D52D28}.Debug|x64.ActiveCfg = Debug|Any CPU
		{E1FB12E8-2203-4388-86BF-AEE2C4D52D28}.Debug|x64.Build.0 = Debug|Any CPU
		{E1FB12E8-2203-4388-86BF-AEE2C4D52D28}.Release|Any CPU.ActiveCfg = Release|Any CPU
		{E1FB12E8-2203-4388-86BF-AEE2C4D52D28}.Release|Any CPU.Build.0 = Release|Any CPU
		{E1FB12E8-2203-4388-86BF-AEE2C4D52D28}.Release|x64.ActiveCfg = Release|Any CPU
		{E1FB12E8-2203-4388-86BF-AEE2C4D52D28}.Release|x64.Build.0 = Release|Any CPU
		{EBB67A8E-4562-4DF9-83FD-3A6AEAE95994}.Debug|Any CPU.ActiveCfg = Debug|Any CPU
		{EBB67A8E-4562-4DF9-83FD-3A6AEAE95994}.Debug|Any CPU.Build.0 = Debug|Any CPU
		{EBB67A8E-4562-4DF9-83FD-3A6AEAE95994}.Debug|x64.ActiveCfg = Debug|Any CPU
		{EBB67A8E-4562-4DF9-83FD-3A6AEAE95994}.Debug|x64.Build.0 = Debug|Any CPU
		{EBB67A8E-4562-4DF9-83FD-3A6AEAE95994}.Release|Any CPU.ActiveCfg = Release|Any CPU
		{EBB67A8E-4562-4DF9-83FD-3A6AEAE95994}.Release|Any CPU.Build.0 = Release|Any CPU
		{EBB67A8E-4562-4DF9-83FD-3A6AEAE95994}.Release|x64.ActiveCfg = Release|Any CPU
		{EBB67A8E-4562-4DF9-83FD-3A6AEAE95994}.Release|x64.Build.0 = Release|Any CPU
		{0E6D3DB8-BD57-4E66-AC67-38FE984C5DE9}.Debug|Any CPU.ActiveCfg = Debug|Any CPU
		{0E6D3DB8-BD57-4E66-AC67-38FE984C5DE9}.Debug|Any CPU.Build.0 = Debug|Any CPU
		{0E6D3DB8-BD57-4E66-AC67-38FE984C5DE9}.Debug|x64.ActiveCfg = Debug|Any CPU
		{0E6D3DB8-BD57-4E66-AC67-38FE984C5DE9}.Debug|x64.Build.0 = Debug|Any CPU
		{0E6D3DB8-BD57-4E66-AC67-38FE984C5DE9}.Release|Any CPU.ActiveCfg = Release|Any CPU
		{0E6D3DB8-BD57-4E66-AC67-38FE984C5DE9}.Release|Any CPU.Build.0 = Release|Any CPU
		{0E6D3DB8-BD57-4E66-AC67-38FE984C5DE9}.Release|x64.ActiveCfg = Release|Any CPU
		{0E6D3DB8-BD57-4E66-AC67-38FE984C5DE9}.Release|x64.Build.0 = Release|Any CPU
		{141AA180-F097-4A52-A432-F5EE566FCAA2}.Debug|Any CPU.ActiveCfg = Debug|Any CPU
		{141AA180-F097-4A52-A432-F5EE566FCAA2}.Debug|Any CPU.Build.0 = Debug|Any CPU
		{141AA180-F097-4A52-A432-F5EE566FCAA2}.Debug|x64.ActiveCfg = Debug|Any CPU
		{141AA180-F097-4A52-A432-F5EE566FCAA2}.Debug|x64.Build.0 = Debug|Any CPU
		{141AA180-F097-4A52-A432-F5EE566FCAA2}.Release|Any CPU.ActiveCfg = Release|Any CPU
		{141AA180-F097-4A52-A432-F5EE566FCAA2}.Release|Any CPU.Build.0 = Release|Any CPU
		{141AA180-F097-4A52-A432-F5EE566FCAA2}.Release|x64.ActiveCfg = Release|Any CPU
		{141AA180-F097-4A52-A432-F5EE566FCAA2}.Release|x64.Build.0 = Release|Any CPU
		{7A064547-475B-4B17-BB27-43DD31FE01CD}.Debug|Any CPU.ActiveCfg = Debug|Any CPU
		{7A064547-475B-4B17-BB27-43DD31FE01CD}.Debug|Any CPU.Build.0 = Debug|Any CPU
		{7A064547-475B-4B17-BB27-43DD31FE01CD}.Debug|x64.ActiveCfg = Debug|Any CPU
		{7A064547-475B-4B17-BB27-43DD31FE01CD}.Debug|x64.Build.0 = Debug|Any CPU
		{7A064547-475B-4B17-BB27-43DD31FE01CD}.Release|Any CPU.ActiveCfg = Release|Any CPU
		{7A064547-475B-4B17-BB27-43DD31FE01CD}.Release|Any CPU.Build.0 = Release|Any CPU
		{7A064547-475B-4B17-BB27-43DD31FE01CD}.Release|x64.ActiveCfg = Release|Any CPU
		{7A064547-475B-4B17-BB27-43DD31FE01CD}.Release|x64.Build.0 = Release|Any CPU
		{5CD0F39B-0DF7-4C2D-8F4B-C4C5D7317493}.Debug|Any CPU.ActiveCfg = Debug|Any CPU
		{5CD0F39B-0DF7-4C2D-8F4B-C4C5D7317493}.Debug|Any CPU.Build.0 = Debug|Any CPU
		{5CD0F39B-0DF7-4C2D-8F4B-C4C5D7317493}.Debug|x64.ActiveCfg = Debug|Any CPU
		{5CD0F39B-0DF7-4C2D-8F4B-C4C5D7317493}.Debug|x64.Build.0 = Debug|Any CPU
		{5CD0F39B-0DF7-4C2D-8F4B-C4C5D7317493}.Release|Any CPU.ActiveCfg = Release|Any CPU
		{5CD0F39B-0DF7-4C2D-8F4B-C4C5D7317493}.Release|Any CPU.Build.0 = Release|Any CPU
		{5CD0F39B-0DF7-4C2D-8F4B-C4C5D7317493}.Release|x64.ActiveCfg = Release|Any CPU
		{5CD0F39B-0DF7-4C2D-8F4B-C4C5D7317493}.Release|x64.Build.0 = Release|Any CPU
		{8C5EE246-4EB4-45EC-8CE7-0BB094D49BD5}.Debug|Any CPU.ActiveCfg = Debug|Any CPU
		{8C5EE246-4EB4-45EC-8CE7-0BB094D49BD5}.Debug|Any CPU.Build.0 = Debug|Any CPU
		{8C5EE246-4EB4-45EC-8CE7-0BB094D49BD5}.Debug|x64.ActiveCfg = Debug|Any CPU
		{8C5EE246-4EB4-45EC-8CE7-0BB094D49BD5}.Debug|x64.Build.0 = Debug|Any CPU
		{8C5EE246-4EB4-45EC-8CE7-0BB094D49BD5}.Release|Any CPU.ActiveCfg = Release|Any CPU
		{8C5EE246-4EB4-45EC-8CE7-0BB094D49BD5}.Release|Any CPU.Build.0 = Release|Any CPU
		{8C5EE246-4EB4-45EC-8CE7-0BB094D49BD5}.Release|x64.ActiveCfg = Release|Any CPU
		{8C5EE246-4EB4-45EC-8CE7-0BB094D49BD5}.Release|x64.Build.0 = Release|Any CPU
	EndGlobalSection
	GlobalSection(SolutionProperties) = preSolution
		HideSolutionNode = FALSE
	EndGlobalSection
	GlobalSection(ExtensibilityGlobals) = postSolution
		SolutionGuid = {AB848820-60CE-4C8E-B98F-A83A32FB54C3}
	EndGlobalSection
EndGlobal
