
Microsoft Visual Studio Solution File, Format Version 12.00
# Visual Studio Version 17
VisualStudioVersion = 17.2.32505.173
MinimumVisualStudioVersion = 10.0.40219.1
Project("{FAE04EC0-301F-11D3-BF4B-00C04F79EFBC}") = "CommonLib", "CommonLib\CommonLib.csproj", "{5D357107-3D2B-43F8-8223-6DFAC9E2126B}"
EndProject
Project("{9A19103F-16F7-4668-BE54-9A1E7A4F7556}") = "OpcLibrary", "OpcLibrary\OpcLibrary.csproj", "{E957E3C5-3063-4DE9-8787-96B841FFA5F0}"
EndProject
Project("{FAE04EC0-301F-11D3-BF4B-00C04F79EFBC}") = "CommonLibExample", "CommonLibExample\CommonLibExample.csproj", "{901FEA80-94CB-4861-B1C7-3EDE7770D30F}"
EndProject
Project("{FAE04EC0-301F-11D3-BF4B-00C04F79EFBC}") = "ProtobufNetLibrary", "ProtobufNetWrapper\ProtobufNetLibrary.csproj", "{DBE8379C-5A91-49AF-B391-2F4DC8072F16}"
EndProject
Project("{FAE04EC0-301F-11D3-BF4B-00C04F79EFBC}") = "CommonLib.DataUtil.OracleProviderLib", "CommonLib.DataUtil.OracleProviderLib\CommonLib.DataUtil.OracleProviderLib.csproj", "{F5C04513-A6E1-4835-9533-D5FDCDB90FF8}"
EndProject
Project("{FAE04EC0-301F-11D3-BF4B-00C04F79EFBC}") = "CommonLib.DataUtil.MySqlProviderLib", "CommonLib.DataUtil.MySqlProviderLib\CommonLib.DataUtil.MySqlProviderLib.csproj", "{DCE2E893-EF4A-4EE7-8F0E-A44A0B3762DF}"
EndProject
Project("{FAE04EC0-301F-11D3-BF4B-00C04F79EFBC}") = "CommonLib.DataUtil.SqliteProviderLib", "CommonLib.DataUtil.SqliteProviderLib\CommonLib.DataUtil.SqliteProviderLib.csproj", "{CBF4C395-42AF-4DCE-A575-7462DB6F24B6}"
EndProject
Project("{FAE04EC0-301F-11D3-BF4B-00C04F79EFBC}") = "CommonLib.Extensions.PinyinConverter", "CommonLib.Extensions.PinyinConverter\CommonLib.Extensions.PinyinConverter.csproj", "{E671099A-C2A1-4093-84AE-E82887743BEF}"
EndProject
Project("{FAE04EC0-301F-11D3-BF4B-00C04F79EFBC}") = "CommonLib.Function.Fitting", "CommonLib.Function.Fitting\CommonLib.Function.Fitting.csproj", "{7303BA12-D4C4-4944-9F25-5E0B41977ED4}"
EndProject
Project("{9A19103F-16F7-4668-BE54-9A1E7A4F7556}") = "CommonLib.Function.OpenCVWrapper", "CommonLib.Function.OpenCVWrapper\CommonLib.Function.OpenCVWrapper.csproj", "{8440FB73-4214-4A70-BB72-B44107FF1324}"
EndProject
Project("{FAE04EC0-301F-11D3-BF4B-00C04F79EFBC}") = "CommonLib.DataUtil.SqliteProviderLib64", "CommonLib.DataUtil.SqliteProviderLib\CommonLib.DataUtil.SqliteProviderLib64.csproj", "{0113C4E3-BDAC-41F3-ACCE-9CA8E7EDAA4D}"
EndProject
Project("{FAE04EC0-301F-11D3-BF4B-00C04F79EFBC}") = "OpcLibrary.Controls", "OpcLibrary.Controls\OpcLibrary.Controls.csproj", "{D644F101-AF01-4DE6-83D3-DF33B1C729C7}"
EndProject
Global
	GlobalSection(SolutionConfigurationPlatforms) = preSolution
		Debug|Any CPU = Debug|Any CPU
		Debug|x64 = Debug|x64
		Release|Any CPU = Release|Any CPU
		Release|x64 = Release|x64
	EndGlobalSection
	GlobalSection(ProjectConfigurationPlatforms) = postSolution
		{5D357107-3D2B-43F8-8223-6DFAC9E2126B}.Debug|Any CPU.ActiveCfg = Debug|Any CPU
		{5D357107-3D2B-43F8-8223-6DFAC9E2126B}.Debug|Any CPU.Build.0 = Debug|Any CPU
		{5D357107-3D2B-43F8-8223-6DFAC9E2126B}.Debug|x64.ActiveCfg = Debug|x64
		{5D357107-3D2B-43F8-8223-6DFAC9E2126B}.Debug|x64.Build.0 = Debug|x64
		{5D357107-3D2B-43F8-8223-6DFAC9E2126B}.Release|Any CPU.ActiveCfg = Release|Any CPU
		{5D357107-3D2B-43F8-8223-6DFAC9E2126B}.Release|Any CPU.Build.0 = Release|Any CPU
		{5D357107-3D2B-43F8-8223-6DFAC9E2126B}.Release|x64.ActiveCfg = Release|x64
		{5D357107-3D2B-43F8-8223-6DFAC9E2126B}.Release|x64.Build.0 = Release|x64
		{E957E3C5-3063-4DE9-8787-96B841FFA5F0}.Debug|Any CPU.ActiveCfg = Debug|Any CPU
		{E957E3C5-3063-4DE9-8787-96B841FFA5F0}.Debug|Any CPU.Build.0 = Debug|Any CPU
		{E957E3C5-3063-4DE9-8787-96B841FFA5F0}.Debug|x64.ActiveCfg = Debug|x64
		{E957E3C5-3063-4DE9-8787-96B841FFA5F0}.Debug|x64.Build.0 = Debug|x64
		{E957E3C5-3063-4DE9-8787-96B841FFA5F0}.Release|Any CPU.ActiveCfg = Release|Any CPU
		{E957E3C5-3063-4DE9-8787-96B841FFA5F0}.Release|Any CPU.Build.0 = Release|Any CPU
		{E957E3C5-3063-4DE9-8787-96B841FFA5F0}.Release|x64.ActiveCfg = Release|x64
		{E957E3C5-3063-4DE9-8787-96B841FFA5F0}.Release|x64.Build.0 = Release|x64
		{901FEA80-94CB-4861-B1C7-3EDE7770D30F}.Debug|Any CPU.ActiveCfg = Debug|Any CPU
		{901FEA80-94CB-4861-B1C7-3EDE7770D30F}.Debug|Any CPU.Build.0 = Debug|Any CPU
		{901FEA80-94CB-4861-B1C7-3EDE7770D30F}.Debug|x64.ActiveCfg = Debug|x64
		{901FEA80-94CB-4861-B1C7-3EDE7770D30F}.Debug|x64.Build.0 = Debug|x64
		{901FEA80-94CB-4861-B1C7-3EDE7770D30F}.Release|Any CPU.ActiveCfg = Release|Any CPU
		{901FEA80-94CB-4861-B1C7-3EDE7770D30F}.Release|Any CPU.Build.0 = Release|Any CPU
		{901FEA80-94CB-4861-B1C7-3EDE7770D30F}.Release|x64.ActiveCfg = Release|x64
		{901FEA80-94CB-4861-B1C7-3EDE7770D30F}.Release|x64.Build.0 = Release|x64
		{DBE8379C-5A91-49AF-B391-2F4DC8072F16}.Debug|Any CPU.ActiveCfg = Debug|Any CPU
		{DBE8379C-5A91-49AF-B391-2F4DC8072F16}.Debug|Any CPU.Build.0 = Debug|Any CPU
		{DBE8379C-5A91-49AF-B391-2F4DC8072F16}.Debug|x64.ActiveCfg = Debug|x64
		{DBE8379C-5A91-49AF-B391-2F4DC8072F16}.Debug|x64.Build.0 = Debug|x64
		{DBE8379C-5A91-49AF-B391-2F4DC8072F16}.Release|Any CPU.ActiveCfg = Release|Any CPU
		{DBE8379C-5A91-49AF-B391-2F4DC8072F16}.Release|Any CPU.Build.0 = Release|Any CPU
		{DBE8379C-5A91-49AF-B391-2F4DC8072F16}.Release|x64.ActiveCfg = Release|x64
		{DBE8379C-5A91-49AF-B391-2F4DC8072F16}.Release|x64.Build.0 = Release|x64
		{F5C04513-A6E1-4835-9533-D5FDCDB90FF8}.Debug|Any CPU.ActiveCfg = Debug|Any CPU
		{F5C04513-A6E1-4835-9533-D5FDCDB90FF8}.Debug|Any CPU.Build.0 = Debug|Any CPU
		{F5C04513-A6E1-4835-9533-D5FDCDB90FF8}.Debug|x64.ActiveCfg = Debug|x64
		{F5C04513-A6E1-4835-9533-D5FDCDB90FF8}.Debug|x64.Build.0 = Debug|x64
		{F5C04513-A6E1-4835-9533-D5FDCDB90FF8}.Release|Any CPU.ActiveCfg = Release|Any CPU
		{F5C04513-A6E1-4835-9533-D5FDCDB90FF8}.Release|Any CPU.Build.0 = Release|Any CPU
		{F5C04513-A6E1-4835-9533-D5FDCDB90FF8}.Release|x64.ActiveCfg = Release|x64
		{F5C04513-A6E1-4835-9533-D5FDCDB90FF8}.Release|x64.Build.0 = Release|x64
		{DCE2E893-EF4A-4EE7-8F0E-A44A0B3762DF}.Debug|Any CPU.ActiveCfg = Debug|Any CPU
		{DCE2E893-EF4A-4EE7-8F0E-A44A0B3762DF}.Debug|Any CPU.Build.0 = Debug|Any CPU
		{DCE2E893-EF4A-4EE7-8F0E-A44A0B3762DF}.Debug|x64.ActiveCfg = Debug|x64
		{DCE2E893-EF4A-4EE7-8F0E-A44A0B3762DF}.Debug|x64.Build.0 = Debug|x64
		{DCE2E893-EF4A-4EE7-8F0E-A44A0B3762DF}.Release|Any CPU.ActiveCfg = Release|Any CPU
		{DCE2E893-EF4A-4EE7-8F0E-A44A0B3762DF}.Release|Any CPU.Build.0 = Release|Any CPU
		{DCE2E893-EF4A-4EE7-8F0E-A44A0B3762DF}.Release|x64.ActiveCfg = Release|x64
		{DCE2E893-EF4A-4EE7-8F0E-A44A0B3762DF}.Release|x64.Build.0 = Release|x64
		{CBF4C395-42AF-4DCE-A575-7462DB6F24B6}.Debug|Any CPU.ActiveCfg = Debug|Any CPU
		{CBF4C395-42AF-4DCE-A575-7462DB6F24B6}.Debug|Any CPU.Build.0 = Debug|Any CPU
		{CBF4C395-42AF-4DCE-A575-7462DB6F24B6}.Debug|x64.ActiveCfg = Debug|x64
		{CBF4C395-42AF-4DCE-A575-7462DB6F24B6}.Debug|x64.Build.0 = Debug|x64
		{CBF4C395-42AF-4DCE-A575-7462DB6F24B6}.Release|Any CPU.ActiveCfg = Release|Any CPU
		{CBF4C395-42AF-4DCE-A575-7462DB6F24B6}.Release|Any CPU.Build.0 = Release|Any CPU
		{CBF4C395-42AF-4DCE-A575-7462DB6F24B6}.Release|x64.ActiveCfg = Release|x64
		{CBF4C395-42AF-4DCE-A575-7462DB6F24B6}.Release|x64.Build.0 = Release|x64
		{E671099A-C2A1-4093-84AE-E82887743BEF}.Debug|Any CPU.ActiveCfg = Debug|Any CPU
		{E671099A-C2A1-4093-84AE-E82887743BEF}.Debug|Any CPU.Build.0 = Debug|Any CPU
		{E671099A-C2A1-4093-84AE-E82887743BEF}.Debug|x64.ActiveCfg = Debug|x64
		{E671099A-C2A1-4093-84AE-E82887743BEF}.Debug|x64.Build.0 = Debug|x64
		{E671099A-C2A1-4093-84AE-E82887743BEF}.Release|Any CPU.ActiveCfg = Release|Any CPU
		{E671099A-C2A1-4093-84AE-E82887743BEF}.Release|Any CPU.Build.0 = Release|Any CPU
		{E671099A-C2A1-4093-84AE-E82887743BEF}.Release|x64.ActiveCfg = Release|x64
		{E671099A-C2A1-4093-84AE-E82887743BEF}.Release|x64.Build.0 = Release|x64
		{7303BA12-D4C4-4944-9F25-5E0B41977ED4}.Debug|Any CPU.ActiveCfg = Debug|Any CPU
		{7303BA12-D4C4-4944-9F25-5E0B41977ED4}.Debug|Any CPU.Build.0 = Debug|Any CPU
		{7303BA12-D4C4-4944-9F25-5E0B41977ED4}.Debug|x64.ActiveCfg = Debug|Any CPU
		{7303BA12-D4C4-4944-9F25-5E0B41977ED4}.Debug|x64.Build.0 = Debug|Any CPU
		{7303BA12-D4C4-4944-9F25-5E0B41977ED4}.Release|Any CPU.ActiveCfg = Release|Any CPU
		{7303BA12-D4C4-4944-9F25-5E0B41977ED4}.Release|Any CPU.Build.0 = Release|Any CPU
		{7303BA12-D4C4-4944-9F25-5E0B41977ED4}.Release|x64.ActiveCfg = Release|Any CPU
		{7303BA12-D4C4-4944-9F25-5E0B41977ED4}.Release|x64.Build.0 = Release|Any CPU
		{8440FB73-4214-4A70-BB72-B44107FF1324}.Debug|Any CPU.ActiveCfg = Debug|Any CPU
		{8440FB73-4214-4A70-BB72-B44107FF1324}.Debug|Any CPU.Build.0 = Debug|Any CPU
		{8440FB73-4214-4A70-BB72-B44107FF1324}.Debug|x64.ActiveCfg = Debug|Any CPU
		{8440FB73-4214-4A70-BB72-B44107FF1324}.Debug|x64.Build.0 = Debug|Any CPU
		{8440FB73-4214-4A70-BB72-B44107FF1324}.Release|Any CPU.ActiveCfg = Release|Any CPU
		{8440FB73-4214-4A70-BB72-B44107FF1324}.Release|Any CPU.Build.0 = Release|Any CPU
		{8440FB73-4214-4A70-BB72-B44107FF1324}.Release|x64.ActiveCfg = Release|Any CPU
		{8440FB73-4214-4A70-BB72-B44107FF1324}.Release|x64.Build.0 = Release|Any CPU
		{0113C4E3-BDAC-41F3-ACCE-9CA8E7EDAA4D}.Debug|Any CPU.ActiveCfg = Debug|x64
		{0113C4E3-BDAC-41F3-ACCE-9CA8E7EDAA4D}.Debug|Any CPU.Build.0 = Debug|x64
		{0113C4E3-BDAC-41F3-ACCE-9CA8E7EDAA4D}.Debug|x64.ActiveCfg = Debug|x64
		{0113C4E3-BDAC-41F3-ACCE-9CA8E7EDAA4D}.Debug|x64.Build.0 = Debug|x64
		{0113C4E3-BDAC-41F3-ACCE-9CA8E7EDAA4D}.Release|Any CPU.ActiveCfg = Release|Any CPU
		{0113C4E3-BDAC-41F3-ACCE-9CA8E7EDAA4D}.Release|Any CPU.Build.0 = Release|Any CPU
		{0113C4E3-BDAC-41F3-ACCE-9CA8E7EDAA4D}.Release|x64.ActiveCfg = Release|x64
		{0113C4E3-BDAC-41F3-ACCE-9CA8E7EDAA4D}.Release|x64.Build.0 = Release|x64
		{D644F101-AF01-4DE6-83D3-DF33B1C729C7}.Debug|Any CPU.ActiveCfg = Debug|Any CPU
		{D644F101-AF01-4DE6-83D3-DF33B1C729C7}.Debug|Any CPU.Build.0 = Debug|Any CPU
		{D644F101-AF01-4DE6-83D3-DF33B1C729C7}.Debug|x64.ActiveCfg = Debug|Any CPU
		{D644F101-AF01-4DE6-83D3-DF33B1C729C7}.Debug|x64.Build.0 = Debug|Any CPU
		{D644F101-AF01-4DE6-83D3-DF33B1C729C7}.Release|Any CPU.ActiveCfg = Release|Any CPU
		{D644F101-AF01-4DE6-83D3-DF33B1C729C7}.Release|Any CPU.Build.0 = Release|Any CPU
		{D644F101-AF01-4DE6-83D3-DF33B1C729C7}.Release|x64.ActiveCfg = Release|Any CPU
		{D644F101-AF01-4DE6-83D3-DF33B1C729C7}.Release|x64.Build.0 = Release|Any CPU
	EndGlobalSection
	GlobalSection(SolutionProperties) = preSolution
		HideSolutionNode = FALSE
	EndGlobalSection
	GlobalSection(ExtensibilityGlobals) = postSolution
		SolutionGuid = {AB848820-60CE-4C8E-B98F-A83A32FB54C3}
	EndGlobalSection
EndGlobal
